# This file is automatically @generated by Poetry 1.4.1 and should not be changed by hand.

[[package]]
name = "invoke"
version = "2.0.0"
description = "Pythonic task execution"
category = "main"
optional = false
python-versions = ">=3.6"
files = [
    {file = "invoke-2.0.0-py3-none-any.whl", hash = "sha256:a860582bcf7a4b336fe18ef53937f0f28cec1c0053ffa767c2fcf7ba0b850f59"},
    {file = "invoke-2.0.0.tar.gz", hash = "sha256:7ab5dd9cd76b787d560a78b1a9810d252367ab595985c50612702be21d671dd7"},
]

[[package]]
name = "python-dotenv"
version = "1.0.0"
description = "Read key-value pairs from a .env file and set them as environment variables"
category = "main"
optional = false
python-versions = ">=3.8"
files = [
    {file = "python-dotenv-1.0.0.tar.gz", hash = "sha256:a8df96034aae6d2d50a4ebe8216326c61c3eb64836776504fcca410e5937a3ba"},
    {file = "python_dotenv-1.0.0-py3-none-any.whl", hash = "sha256:f5971a9226b701070a4bf2c38c89e5a3f0d64de8debda981d1db98583009122a"},
]

[package.extras]
cli = ["click (>=5.0)"]

[metadata]
lock-version = "2.0"
python-versions = "^3.8"
content-hash = "c92c9d1eb408ea0211d8e0ec570c699e6196ac52475086303e06f673bc51a06f"
